// !$*UTF8*$!
{
	archiveVersion = 1;
	classes = {
	};
	objectVersion = 48;
	objects = {

/* Begin PBXBuildFile section */
		90E421C21FF566F5002CBC7E /* AppDelegate.swift in Sources */ = {isa = PBXBuildFile; fileRef = 90E421C11FF566F5002CBC7E /* AppDelegate.swift */; };
		90E421C41FF566F5002CBC7E /* ViewController.swift in Sources */ = {isa = PBXBuildFile; fileRef = 90E421C31FF566F5002CBC7E /* ViewController.swift */; };
		90E421C71FF566F5002CBC7E /* Main.storyboard in Resources */ = {isa = PBXBuildFile; fileRef = 90E421C51FF566F5002CBC7E /* Main.storyboard */; };
		90E421C91FF566F5002CBC7E /* Assets.xcassets in Resources */ = {isa = PBXBuildFile; fileRef = 90E421C81FF566F5002CBC7E /* Assets.xcassets */; };
		90E421CC1FF566F5002CBC7E /* LaunchScreen.storyboard in Resources */ = {isa = PBXBuildFile; fileRef = 90E421CA1FF566F5002CBC7E /* LaunchScreen.storyboard */; };
/* End PBXBuildFile section */

/* Begin PBXFileReference section */
		90E421BE1FF566F5002CBC7E /* termProjectIPhoneApp.app */ = {isa = PBXFileReference; explicitFileType = wrapper.application; includeInIndex = 0; path = termProjectIPhoneApp.app; sourceTree = BUILT_PRODUCTS_DIR; };
		90E421C11FF566F5002CBC7E /* AppDelegate.swift */ = {isa = PBXFileReference; lastKnownFileType = sourcecode.swift; path = AppDelegate.swift; sourceTree = "<group>"; };
		90E421C31FF566F5002CBC7E /* ViewController.swift */ = {isa = PBXFileReference; lastKnownFileType = sourcecode.swift; path = ViewController.swift; sourceTree = "<group>"; };
		90E421C61FF566F5002CBC7E /* Base */ = {isa = PBXFileReference; lastKnownFileType = file.storyboard; name = Base; path = Base.lproj/Main.storyboard; sourceTree = "<group>"; };
		90E421C81FF566F5002CBC7E /* Assets.xcassets */ = {isa = PBXFileReference; lastKnownFileType = folder.assetcatalog; path = Assets.xcassets; sourceTree = "<group>"; };
		90E421CB1FF566F5002CBC7E /* Base */ = {isa = PBXFileReference; lastKnownFileType = file.storyboard; name = Base; path = Base.lproj/LaunchScreen.storyboard; sourceTree = "<group>"; };
		90E421CD1FF566F5002CBC7E /* Info.plist */ = {isa = PBXFileReference; lastKnownFileType = text.plist.xml; path = Info.plist; sourceTree = "<group>"; };
/* End PBXFileReference section */

/* Begin PBXFrameworksBuildPhase section */
		90E421BB1FF566F5002CBC7E /* Frameworks */ = {
			isa = PBXFrameworksBuildPhase;
			buildActionMask = 2147483647;
			files = (
			);
			runOnlyForDeploymentPostprocessing = 0;
		};
/* End PBXFrameworksBuildPhase section */

/* Begin PBXGroup section */
		90E421B51FF566F4002CBC7E = {
			isa = PBXGroup;
			children = (
				90E421C01FF566F5002CBC7E /* termProjectIPhoneApp */,
				90E421BF1FF566F5002CBC7E /* Products */,
			);
			sourceTree = "<group>";
		};
		90E421BF1FF566F5002CBC7E /* Products */ = {
			isa = PBXGroup;
			children = (
				90E421BE1FF566F5002CBC7E /* termProjectIPhoneApp.app */,
			);
			name = Products;
			sourceTree = "<group>";
		};
		90E421C01FF566F5002CBC7E /* termProjectIPhoneApp */ = {
			isa = PBXGroup;
			children = (
				90E421C11FF566F5002CBC7E /* AppDelegate.swift */,
				90E421C31FF566F5002CBC7E /* ViewController.swift */,
				90E421C51FF566F5002CBC7E /* Main.storyboard */,
				90E421C81FF566F5002CBC7E /* Assets.xcassets */,
				90E421CA1FF566F5002CBC7E /* LaunchScreen.storyboard */,
				90E421CD1FF566F5002CBC7E /* Info.plist */,
			);
			path = termProjectIPhoneApp;
			sourceTree = "<group>";
		};
/* End PBXGroup section */

/* Begin PBXNativeTarget section */
		90E421BD1FF566F5002CBC7E /* termProjectIPhoneApp */ = {
			isa = PBXNativeTarget;
			buildConfigurationList = 90E421D01FF566F5002CBC7E /* Build configuration list for PBXNativeTarget "termProjectIPhoneApp" */;
			buildPhases = (
				90E421BA1FF566F5002CBC7E /* Sources */,
				90E421BB1FF566F5002CBC7E /* Frameworks */,
				90E421BC1FF566F5002CBC7E /* Resources */,
			);
			buildRules = (
			);
			dependencies = (
			);
			name = termProjectIPhoneApp;
			productName = termProjectIPhoneApp;
			productReference = 90E421BE1FF566F5002CBC7E /* termProjectIPhoneApp.app */;
			productType = "com.apple.product-type.application";
		};
/* End PBXNativeTarget section */

/* Begin PBXProject section */
		90E421B61FF566F4002CBC7E /* Project object */ = {
			isa = PBXProject;
			attributes = {
				LastSwiftUpdateCheck = 0910;
				LastUpgradeCheck = 0910;
				ORGANIZATIONNAME = Davinder;
				TargetAttributes = {
					90E421BD1FF566F5002CBC7E = {
						CreatedOnToolsVersion = 9.1;
						ProvisioningStyle = Automatic;
					};
				};
			};
			buildConfigurationList = 90E421B91FF566F4002CBC7E /* Build configuration list for PBXProject "termProjectIPhoneApp" */;
			compatibilityVersion = "Xcode 8.0";
			developmentRegion = en;
			hasScannedForEncodings = 0;
			knownRegions = (
				en,
				Base,
			);
			mainGroup = 90E421B51FF566F4002CBC7E;
			productRefGroup = 90E421BF1FF566F5002CBC7E /* Products */;
			projectDirPath = "";
			projectRoot = "";
			targets = (
				90E421BD1FF566F5002CBC7E /* termProjectIPhoneApp */,
			);
		};
/* End PBXProject section */

/* Begin PBXResourcesBuildPhase section */
		90E421BC1FF566F5002CBC7E /* Resources */ = {
			isa = PBXResourcesBuildPhase;
			buildActionMask = 2147483647;
			files = (
				90E421CC1FF566F5002CBC7E /* LaunchScreen.storyboard in Resources */,
				90E421C91FF566F5002CBC7E /* Assets.xcassets in Resources */,
				90E421C71FF566F5002CBC7E /* Main.storyboard in Resources */,
			);
			runOnlyForDeploymentPostprocessing = 0;
		};
/* End PBXResourcesBuildPhase section */

/* Begin PBXSourcesBuildPhase section */
		90E421BA1FF566F5002CBC7E /* Sources */ = {
			isa = PBXSourcesBuildPhase;
			buildActionMask = 2147483647;
			files = (
				90E421C41FF566F5002CBC7E /* ViewController.swift in Sources */,
				90E421C21FF566F5002CBC7E /* AppDelegate.swift in Sources */,
			);
			runOnlyForDeploymentPostprocessing = 0;
		};
/* End PBXSourcesBuildPhase section */

/* Begin PBXVariantGroup section */
		90E421C51FF566F5002CBC7E /* Main.storyboard */ = {
			isa = PBXVariantGroup;
			children = (
				90E421C61FF566F5002CBC7E /* Base */,
			);
			name = Main.storyboard;
			sourceTree = "<group>";
		};
		90E421CA1FF566F5002CBC7E /* LaunchScreen.storyboard */ = {
			isa = PBXVariantGroup;
			children = (
				90E421CB1FF566F5002CBC7E /* Base */,
			);
			name = LaunchScreen.storyboard;
			sourceTree = "<group>";
		};
/* End PBXVariantGroup section */

/* Begin XCBuildConfiguration section */
		90E421CE1FF566F5002CBC7E /* Debug */ = {
			isa = XCBuildConfiguration;
			buildSettings = {
				ALWAYS_SEARCH_USER_PATHS = NO;
				CLANG_ANALYZER_NONNULL = YES;
				CLANG_ANALYZER_NUMBER_OBJECT_CONVERSION = YES_AGGRESSIVE;
				CLANG_CXX_LANGUAGE_STANDARD = "gnu++14";
				CLANG_CXX_LIBRARY = "libc++";
				CLANG_ENABLE_MODULES = YES;
				CLANG_ENABLE_OBJC_ARC = YES;
				CLANG_WARN_BLOCK_CAPTURE_AUTORELEASING = YES;
				CLANG_WARN_BOOL_CONVERSION = YES;
				CLANG_WARN_COMMA = YES;
				CLANG_WARN_CONSTANT_CONVERSION = YES;
				CLANG_WARN_DIRECT_OBJC_ISA_USAGE = YES_ERROR;
				CLANG_WARN_DOCUMENTATION_COMMENTS = YES;
				CLANG_WARN_EMPTY_BODY = YES;
				CLANG_WARN_ENUM_CONVERSION = YES;
				CLANG_WARN_INFINITE_RECURSION = YES;
				CLANG_WARN_INT_CONVERSION = YES;
				CLANG_WARN_NON_LITERAL_NULL_CONVERSION = YES;
				CLANG_WARN_OBJC_LITERAL_CONVERSION = YES;
				CLANG_WARN_OBJC_ROOT_CLASS = YES_ERROR;
				CLANG_WARN_RANGE_LOOP_ANALYSIS = YES;
				CLANG_WARN_STRICT_PROTOTYPES = YES;
				CLANG_WARN_SUSPICIOUS_MOVE = YES;
				CLANG_WARN_UNGUARDED_AVAILABILITY = YES_AGGRESSIVE;
				CLANG_WARN_UNREACHABLE_CODE = YES;
				CLANG_WARN__DUPLICATE_METHOD_MATCH = YES;
				CODE_SIGN_IDENTITY = "iPhone Developer";
				COPY_PHASE_STRIP = NO;
				DEBUG_INFORMATION_FORMAT = dwarf;
				ENABLE_STRICT_OBJC_MSGSEND = YES;
				ENABLE_TESTABILITY = YES;
				GCC_C_LANGUAGE_STANDARD = gnu11;
				GCC_DYNAMIC_NO_PIC = NO;
				GCC_NO_COMMON_BLOCKS = YES;
				GCC_OPTIMIZATION_LEVEL = 0;
				GCC_PREPROCESSOR_DEFINITIONS = (
					"DEBUG=1",
					"$(inherited)",
				);
				GCC_WARN_64_TO_32_BIT_CONVERSION = YES;
				GCC_WARN_ABOUT_RETURN_TYPE = YES_ERROR;
				GCC_WARN_UNDECLARED_SELECTOR = YES;
				GCC_WARN_UNINITIALIZED_AUTOS = YES_AGGRESSIVE;
				GCC_WARN_UNUSED_FUNCTION = YES;
				GCC_WARN_UNUSED_VARIABLE = YES;
				IPHONEOS_DEPLOYMENT_TARGET = 11.1;
				MTL_ENABLE_DEBUG_INFO = YES;
				ONLY_ACTIVE_ARCH = YES;
				SDKROOT = iphoneos;
				SWIFT_ACTIVE_COMPILATION_CONDITIONS = DEBUG;
				SWIFT_OPTIMIZATION_LEVEL = "-Onone";
			};
			name = Debug;
		};
		90E421CF1FF566F5002CBC7E /* Release */ = {
			isa = XCBuildConfiguration;
			buildSettings = {
				ALWAYS_SEARCH_USER_PATHS = NO;
				CLANG_ANALYZER_NONNULL = YES;
				CLANG_ANALYZER_NUMBER_OBJECT_CONVERSION = YES_AGGRESSIVE;
				CLANG_CXX_LANGUAGE_STANDARD = "gnu++14";
				CLANG_CXX_LIBRARY = "libc++";
				CLANG_ENABLE_MODULES = YES;
				CLANG_ENABLE_OBJC_ARC = YES;
				CLANG_WARN_BLOCK_CAPTURE_AUTORELEASING = YES;
				CLANG_WARN_BOOL_CONVERSION = YES;
				CLANG_WARN_COMMA = YES;
				CLANG_WARN_CONSTANT_CONVERSION = YES;
				CLANG_WARN_DIRECT_OBJC_ISA_USAGE = YES_ERROR;
				CLANG_WARN_DOCUMENTATION_COMMENTS = YES;
				CLANG_WARN_EMPTY_BODY = YES;
				CLANG_WARN_ENUM_CONVERSION = YES;
				CLANG_WARN_INFINITE_RECURSION = YES;
				CLANG_WARN_INT_CONVERSION = YES;
				CLANG_WARN_NON_LITERAL_NULL_CONVERSION = YES;
				CLANG_WARN_OBJC_LITERAL_CONVERSION = YES;
				CLANG_WARN_OBJC_ROOT_CLASS = YES_ERROR;
				CLANG_WARN_RANGE_LOOP_ANALYSIS = YES;
				CLANG_WARN_STRICT_PROTOTYPES = YES;
				CLANG_WARN_SUSPICIOUS_MOVE = YES;
				CLANG_WARN_UNGUARDED_AVAILABILITY = YES_AGGRESSIVE;
				CLANG_WARN_UNREACHABLE_CODE = YES;
				CLANG_WARN__DUPLICATE_METHOD_MATCH = YES;
				CODE_SIGN_IDENTITY = "iPhone Developer";
				COPY_PHASE_STRIP = NO;
				DEBUG_INFORMATION_FORMAT = "dwarf-with-dsym";
				ENABLE_NS_ASSERTIONS = NO;
				ENABLE_STRICT_OBJC_MSGSEND = YES;
				GCC_C_LANGUAGE_STANDARD = gnu11;
				GCC_NO_COMMON_BLOCKS = YES;
				GCC_WARN_64_TO_32_BIT_CONVERSION = YES;
				GCC_WARN_ABOUT_RETURN_TYPE = YES_ERROR;
				GCC_WARN_UNDECLARED_SELECTOR = YES;
				GCC_WARN_UNINITIALIZED_AUTOS = YES_AGGRESSIVE;
				GCC_WARN_UNUSED_FUNCTION = YES;
				GCC_WARN_UNUSED_VARIABLE = YES;
				IPHONEOS_DEPLOYMENT_TARGET = 11.1;
				MTL_ENABLE_DEBUG_INFO = NO;
				SDKROOT = iphoneos;
				SWIFT_OPTIMIZATION_LEVEL = "-Owholemodule";
				VALIDATE_PRODUCT = YES;
			};
			name = Release;
		};
		90E421D11FF566F5002CBC7E /* Debug */ = {
			isa = XCBuildConfiguration;
			buildSettings = {
				ASSETCATALOG_COMPILER_APPICON_NAME = AppIcon;
				CODE_SIGN_STYLE = Automatic;
				DEVELOPMENT_TEAM = PRL3XU69DA;
				INFOPLIST_FILE = termProjectIPhoneApp/Info.plist;
				LD_RUNPATH_SEARCH_PATHS = "$(inherited) @executable_path/Frameworks";
				PRODUCT_BUNDLE_IDENTIFIER = com.termProjectIPhoneApp;
				PRODUCT_NAME = "$(TARGET_NAME)";
				SWIFT_VERSION = 4.0;
				TARGETED_DEVICE_FAMILY = "1,2";
			};
			name = Debug;
		};
		90E421D21FF566F5002CBC7E /* Release */ = {
			isa = XCBuildConfiguration;
			buildSettings = {
				ASSETCATALOG_COMPILER_APPICON_NAME = AppIcon;
				CODE_SIGN_STYLE = Automatic;
				DEVELOPMENT_TEAM = PRL3XU69DA;
				INFOPLIST_FILE = termProjectIPhoneApp/Info.plist;
				LD_RUNPATH_SEARCH_PATHS = "$(inherited) @executable_path/Frameworks";
				PRODUCT_BUNDLE_IDENTIFIER = com.termProjectIPhoneApp;
				PRODUCT_NAME = "$(TARGET_NAME)";
				SWIFT_VERSION = 4.0;
				TARGETED_DEVICE_FAMILY = "1,2";
			};
			name = Release;
		};
/* End XCBuildConfiguration section */

/* Begin XCConfigurationList section */
		90E421B91FF566F4002CBC7E /* Build configuration list for PBXProject "termProjectIPhoneApp" */ = {
			isa = XCConfigurationList;
			buildConfigurations = (
				90E421CE1FF566F5002CBC7E /* Debug */,
				90E421CF1FF566F5002CBC7E /* Release */,
			);
			defaultConfigurationIsVisible = 0;
			defaultConfigurationName = Release;
		};
		90E421D01FF566F5002CBC7E /* Build configuration list for PBXNativeTarget "termProjectIPhoneApp" */ = {
			isa = XCConfigurationList;
			buildConfigurations = (
				90E421D11FF566F5002CBC7E /* Debug */,
				90E421D21FF566F5002CBC7E /* Release */,
			);
			defaultConfigurationIsVisible = 0;
			defaultConfigurationName = Release;
		};
/* End XCConfigurationList section */
	};
	rootObject = 90E421B61FF566F4002CBC7E /* Project object */;
}
